// !$*UTF8*$!
{
	archiveVersion = 1;
	classes = {
	};
	objectVersion = 50;
	objects = {

/* Begin PBXBuildFile section */
		29B91CDD25B9FA3F00708264 /* AppDelegate.swift in Sources */ = {isa = PBXBuildFile; fileRef = 29B91CDC25B9FA3F00708264 /* AppDelegate.swift */; };
		29B91CDF25B9FA3F00708264 /* SceneDelegate.swift in Sources */ = {isa = PBXBuildFile; fileRef = 29B91CDE25B9FA3F00708264 /* SceneDelegate.swift */; };
		29B91CE125B9FA3F00708264 /* ViewController.swift in Sources */ = {isa = PBXBuildFile; fileRef = 29B91CE025B9FA3F00708264 /* ViewController.swift */; };
		29B91CE425B9FA3F00708264 /* Main.storyboard in Resources */ = {isa = PBXBuildFile; fileRef = 29B91CE225B9FA3F00708264 /* Main.storyboard */; };
		29B91CE625B9FA4200708264 /* Assets.xcassets in Resources */ = {isa = PBXBuildFile; fileRef = 29B91CE525B9FA4200708264 /* Assets.xcassets */; };
		29B91CE925B9FA4200708264 /* LaunchScreen.storyboard in Resources */ = {isa = PBXBuildFile; fileRef = 29B91CE725B9FA4200708264 /* LaunchScreen.storyboard */; };
		29B91CF525B9FA9600708264 /* Student.swift in Sources */ = {isa = PBXBuildFile; fileRef = 29B91CF425B9FA9600708264 /* Student.swift */; };
		29B91CF925B9FAB600708264 /* Competition.swift in Sources */ = {isa = PBXBuildFile; fileRef = 29B91CF825B9FAB600708264 /* Competition.swift */; };
		29B91CFC25B9FCE100708264 /* V.swift in Sources */ = {isa = PBXBuildFile; fileRef = 29B91CFB25B9FCE100708264 /* V.swift */; };
		29B91CFF25BA03DD00708264 /* JumperController.swift in Sources */ = {isa = PBXBuildFile; fileRef = 29B91CFE25BA03DD00708264 /* JumperController.swift */; };
/* End PBXBuildFile section */

/* Begin PBXFileReference section */
		29B91CD925B9FA3F00708264 /* TrackTrack1.app */ = {isa = PBXFileReference; explicitFileType = wrapper.application; includeInIndex = 0; path = TrackTrack1.app; sourceTree = BUILT_PRODUCTS_DIR; };
		29B91CDC25B9FA3F00708264 /* AppDelegate.swift */ = {isa = PBXFileReference; lastKnownFileType = sourcecode.swift; path = AppDelegate.swift; sourceTree = "<group>"; };
		29B91CDE25B9FA3F00708264 /* SceneDelegate.swift */ = {isa = PBXFileReference; lastKnownFileType = sourcecode.swift; path = SceneDelegate.swift; sourceTree = "<group>"; };
		29B91CE025B9FA3F00708264 /* ViewController.swift */ = {isa = PBXFileReference; lastKnownFileType = sourcecode.swift; path = ViewController.swift; sourceTree = "<group>"; };
		29B91CE325B9FA3F00708264 /* Base */ = {isa = PBXFileReference; lastKnownFileType = file.storyboard; name = Base; path = Base.lproj/Main.storyboard; sourceTree = "<group>"; };
		29B91CE525B9FA4200708264 /* Assets.xcassets */ = {isa = PBXFileReference; lastKnownFileType = folder.assetcatalog; path = Assets.xcassets; sourceTree = "<group>"; };
		29B91CE825B9FA4200708264 /* Base */ = {isa = PBXFileReference; lastKnownFileType = file.storyboard; name = Base; path = Base.lproj/LaunchScreen.storyboard; sourceTree = "<group>"; };
		29B91CEA25B9FA4200708264 /* Info.plist */ = {isa = PBXFileReference; lastKnownFileType = text.plist.xml; path = Info.plist; sourceTree = "<group>"; };
		29B91CF425B9FA9600708264 /* Student.swift */ = {isa = PBXFileReference; lastKnownFileType = sourcecode.swift; path = Student.swift; sourceTree = "<group>"; };
		29B91CF825B9FAB600708264 /* Competition.swift */ = {isa = PBXFileReference; lastKnownFileType = sourcecode.swift; path = Competition.swift; sourceTree = "<group>"; };
		29B91CFB25B9FCE100708264 /* V.swift */ = {isa = PBXFileReference; lastKnownFileType = sourcecode.swift; path = V.swift; sourceTree = "<group>"; };
		29B91CFE25BA03DD00708264 /* JumperController.swift */ = {isa = PBXFileReference; lastKnownFileType = sourcecode.swift; path = JumperController.swift; sourceTree = "<group>"; };
/* End PBXFileReference section */

/* Begin PBXFrameworksBuildPhase section */
		29B91CD625B9FA3F00708264 /* Frameworks */ = {
			isa = PBXFrameworksBuildPhase;
			buildActionMask = 2147483647;
			files = (
			);
			runOnlyForDeploymentPostprocessing = 0;
		};
/* End PBXFrameworksBuildPhase section */

/* Begin PBXGroup section */
		29B91CD025B9FA3F00708264 = {
			isa = PBXGroup;
			children = (
				29B91CDB25B9FA3F00708264 /* TrackTrack1 */,
				29B91CDA25B9FA3F00708264 /* Products */,
			);
			sourceTree = "<group>";
		};
		29B91CDA25B9FA3F00708264 /* Products */ = {
			isa = PBXGroup;
			children = (
				29B91CD925B9FA3F00708264 /* TrackTrack1.app */,
			);
			name = Products;
			sourceTree = "<group>";
		};
		29B91CDB25B9FA3F00708264 /* TrackTrack1 */ = {
			isa = PBXGroup;
			children = (
				29B91CDC25B9FA3F00708264 /* AppDelegate.swift */,
				29B91CDE25B9FA3F00708264 /* SceneDelegate.swift */,
				29B91CF125B9FA6000708264 /* Model */,
				29B91CF225B9FA6700708264 /* View */,
				29B91CF325B9FA6B00708264 /* Controller */,
				29B91CE525B9FA4200708264 /* Assets.xcassets */,
				29B91CE725B9FA4200708264 /* LaunchScreen.storyboard */,
				29B91CEA25B9FA4200708264 /* Info.plist */,
			);
			path = TrackTrack1;
			sourceTree = "<group>";
		};
		29B91CF125B9FA6000708264 /* Model */ = {
			isa = PBXGroup;
			children = (
				29B91CF425B9FA9600708264 /* Student.swift */,
				29B91CF825B9FAB600708264 /* Competition.swift */,
				29B91CFB25B9FCE100708264 /* V.swift */,
			);
			path = Model;
			sourceTree = "<group>";
		};
		29B91CF225B9FA6700708264 /* View */ = {
			isa = PBXGroup;
			children = (
				29B91CE225B9FA3F00708264 /* Main.storyboard */,
			);
			path = View;
			sourceTree = "<group>";
		};
		29B91CF325B9FA6B00708264 /* Controller */ = {
			isa = PBXGroup;
			children = (
				29B91CE025B9FA3F00708264 /* ViewController.swift */,
				29B91CFE25BA03DD00708264 /* JumperController.swift */,
			);
			path = Controller;
			sourceTree = "<group>";
		};
/* End PBXGroup section */

/* Begin PBXNativeTarget section */
		29B91CD825B9FA3F00708264 /* TrackTrack1 */ = {
			isa = PBXNativeTarget;
			buildConfigurationList = 29B91CED25B9FA4200708264 /* Build configuration list for PBXNativeTarget "TrackTrack1" */;
			buildPhases = (
				29B91CD525B9FA3F00708264 /* Sources */,
				29B91CD625B9FA3F00708264 /* Frameworks */,
				29B91CD725B9FA3F00708264 /* Resources */,
			);
			buildRules = (
			);
			dependencies = (
			);
			name = TrackTrack1;
			productName = TrackTrack1;
			productReference = 29B91CD925B9FA3F00708264 /* TrackTrack1.app */;
			productType = "com.apple.product-type.application";
		};
/* End PBXNativeTarget section */

/* Begin PBXProject section */
		29B91CD125B9FA3F00708264 /* Project object */ = {
			isa = PBXProject;
			attributes = {
				LastSwiftUpdateCheck = 1220;
				LastUpgradeCheck = 1220;
				TargetAttributes = {
					29B91CD825B9FA3F00708264 = {
						CreatedOnToolsVersion = 12.2;
					};
				};
			};
			buildConfigurationList = 29B91CD425B9FA3F00708264 /* Build configuration list for PBXProject "TrackTrack1" */;
			compatibilityVersion = "Xcode 9.3";
			developmentRegion = en;
			hasScannedForEncodings = 0;
			knownRegions = (
				en,
				Base,
			);
			mainGroup = 29B91CD025B9FA3F00708264;
			productRefGroup = 29B91CDA25B9FA3F00708264 /* Products */;
			projectDirPath = "";
			projectRoot = "";
			targets = (
				29B91CD825B9FA3F00708264 /* TrackTrack1 */,
			);
		};
/* End PBXProject section */

/* Begin PBXResourcesBuildPhase section */
		29B91CD725B9FA3F00708264 /* Resources */ = {
			isa = PBXResourcesBuildPhase;
			buildActionMask = 2147483647;
			files = (
				29B91CE925B9FA4200708264 /* LaunchScreen.storyboard in Resources */,
				29B91CE625B9FA4200708264 /* Assets.xcassets in Resources */,
				29B91CE425B9FA3F00708264 /* Main.storyboard in Resources */,
			);
			runOnlyForDeploymentPostprocessing = 0;
		};
/* End PBXResourcesBuildPhase section */

/* Begin PBXSourcesBuildPhase section */
		29B91CD525B9FA3F00708264 /* Sources */ = {
			isa = PBXSourcesBuildPhase;
			buildActionMask = 2147483647;
			files = (
				29B91CFC25B9FCE100708264 /* V.swift in Sources */,
				29B91CFF25BA03DD00708264 /* JumperController.swift in Sources */,
				29B91CE125B9FA3F00708264 /* ViewController.swift in Sources */,
				29B91CF925B9FAB600708264 /* Competition.swift in Sources */,
				29B91CDD25B9FA3F00708264 /* AppDelegate.swift in Sources */,
				29B91CDF25B9FA3F00708264 /* SceneDelegate.swift in Sources */,
				29B91CF525B9FA9600708264 /* Student.swift in Sources */,
			);
			runOnlyForDeploymentPostprocessing = 0;
		};
/* End PBXSourcesBuildPhase section */

/* Begin PBXVariantGroup section */
		29B91CE225B9FA3F00708264 /* Main.storyboard */ = {
			isa = PBXVariantGroup;
			children = (
				29B91CE325B9FA3F00708264 /* Base */,
			);
			name = Main.storyboard;
			sourceTree = "<group>";
		};
		29B91CE725B9FA4200708264 /* LaunchScreen.storyboard */ = {
			isa = PBXVariantGroup;
			children = (
				29B91CE825B9FA4200708264 /* Base */,
			);
			name = LaunchScreen.storyboard;
			sourceTree = "<group>";
		};
/* End PBXVariantGroup section */

/* Begin XCBuildConfiguration section */
		29B91CEB25B9FA4200708264 /* Debug */ = {
			isa = XCBuildConfiguration;
			buildSettings = {
				ALWAYS_SEARCH_USER_PATHS = NO;
				CLANG_ANALYZER_NONNULL = YES;
				CLANG_ANALYZER_NUMBER_OBJECT_CONVERSION = YES_AGGRESSIVE;
				CLANG_CXX_LANGUAGE_STANDARD = "gnu++14";
				CLANG_CXX_LIBRARY = "libc++";
				CLANG_ENABLE_MODULES = YES;
				CLANG_ENABLE_OBJC_ARC = YES;
				CLANG_ENABLE_OBJC_WEAK = YES;
				CLANG_WARN_BLOCK_CAPTURE_AUTORELEASING = YES;
				CLANG_WARN_BOOL_CONVERSION = YES;
				CLANG_WARN_COMMA = YES;
				CLANG_WARN_CONSTANT_CONVERSION = YES;
				CLANG_WARN_DEPRECATED_OBJC_IMPLEMENTATIONS = YES;
				CLANG_WARN_DIRECT_OBJC_ISA_USAGE = YES_ERROR;
				CLANG_WARN_DOCUMENTATION_COMMENTS = YES;
				CLANG_WARN_EMPTY_BODY = YES;
				CLANG_WARN_ENUM_CONVERSION = YES;
				CLANG_WARN_INFINITE_RECURSION = YES;
				CLANG_WARN_INT_CONVERSION = YES;
				CLANG_WARN_NON_LITERAL_NULL_CONVERSION = YES;
				CLANG_WARN_OBJC_IMPLICIT_RETAIN_SELF = YES;
				CLANG_WARN_OBJC_LITERAL_CONVERSION = YES;
				CLANG_WARN_OBJC_ROOT_CLASS = YES_ERROR;
				CLANG_WARN_QUOTED_INCLUDE_IN_FRAMEWORK_HEADER = YES;
				CLANG_WARN_RANGE_LOOP_ANALYSIS = YES;
				CLANG_WARN_STRICT_PROTOTYPES = YES;
				CLANG_WARN_SUSPICIOUS_MOVE = YES;
				CLANG_WARN_UNGUARDED_AVAILABILITY = YES_AGGRESSIVE;
				CLANG_WARN_UNREACHABLE_CODE = YES;
				CLANG_WARN__DUPLICATE_METHOD_MATCH = YES;
				COPY_PHASE_STRIP = NO;
				DEBUG_INFORMATION_FORMAT = dwarf;
				ENABLE_STRICT_OBJC_MSGSEND = YES;
				ENABLE_TESTABILITY = YES;
				GCC_C_LANGUAGE_STANDARD = gnu11;
				GCC_DYNAMIC_NO_PIC = NO;
				GCC_NO_COMMON_BLOCKS = YES;
				GCC_OPTIMIZATION_LEVEL = 0;
				GCC_PREPROCESSOR_DEFINITIONS = (
					"DEBUG=1",
					"$(inherited)",
				);
				GCC_WARN_64_TO_32_BIT_CONVERSION = YES;
				GCC_WARN_ABOUT_RETURN_TYPE = YES_ERROR;
				GCC_WARN_UNDECLARED_SELECTOR = YES;
				GCC_WARN_UNINITIALIZED_AUTOS = YES_AGGRESSIVE;
				GCC_WARN_UNUSED_FUNCTION = YES;
				GCC_WARN_UNUSED_VARIABLE = YES;
				IPHONEOS_DEPLOYMENT_TARGET = 14.2;
				MTL_ENABLE_DEBUG_INFO = INCLUDE_SOURCE;
				MTL_FAST_MATH = YES;
				ONLY_ACTIVE_ARCH = YES;
				SDKROOT = iphoneos;
				SWIFT_ACTIVE_COMPILATION_CONDITIONS = DEBUG;
				SWIFT_OPTIMIZATION_LEVEL = "-Onone";
			};
			name = Debug;
		};
		29B91CEC25B9FA4200708264 /* Release */ = {
			isa = XCBuildConfiguration;
			buildSettings = {
				ALWAYS_SEARCH_USER_PATHS = NO;
				CLANG_ANALYZER_NONNULL = YES;
				CLANG_ANALYZER_NUMBER_OBJECT_CONVERSION = YES_AGGRESSIVE;
				CLANG_CXX_LANGUAGE_STANDARD = "gnu++14";
				CLANG_CXX_LIBRARY = "libc++";
				CLANG_ENABLE_MODULES = YES;
				CLANG_ENABLE_OBJC_ARC = YES;
				CLANG_ENABLE_OBJC_WEAK = YES;
				CLANG_WARN_BLOCK_CAPTURE_AUTORELEASING = YES;
				CLANG_WARN_BOOL_CONVERSION = YES;
				CLANG_WARN_COMMA = YES;
				CLANG_WARN_CONSTANT_CONVERSION = YES;
				CLANG_WARN_DEPRECATED_OBJC_IMPLEMENTATIONS = YES;
				CLANG_WARN_DIRECT_OBJC_ISA_USAGE = YES_ERROR;
				CLANG_WARN_DOCUMENTATION_COMMENTS = YES;
				CLANG_WARN_EMPTY_BODY = YES;
				CLANG_WARN_ENUM_CONVERSION = YES;
				CLANG_WARN_INFINITE_RECURSION = YES;
				CLANG_WARN_INT_CONVERSION = YES;
				CLANG_WARN_NON_LITERAL_NULL_CONVERSION = YES;
				CLANG_WARN_OBJC_IMPLICIT_RETAIN_SELF = YES;
				CLANG_WARN_OBJC_LITERAL_CONVERSION = YES;
				CLANG_WARN_OBJC_ROOT_CLASS = YES_ERROR;
				CLANG_WARN_QUOTED_INCLUDE_IN_FRAMEWORK_HEADER = YES;
				CLANG_WARN_RANGE_LOOP_ANALYSIS = YES;
				CLANG_WARN_STRICT_PROTOTYPES = YES;
				CLANG_WARN_SUSPICIOUS_MOVE = YES;
				CLANG_WARN_UNGUARDED_AVAILABILITY = YES_AGGRESSIVE;
				CLANG_WARN_UNREACHABLE_CODE = YES;
				CLANG_WARN__DUPLICATE_METHOD_MATCH = YES;
				COPY_PHASE_STRIP = NO;
				DEBUG_INFORMATION_FORMAT = "dwarf-with-dsym";
				ENABLE_NS_ASSERTIONS = NO;
				ENABLE_STRICT_OBJC_MSGSEND = YES;
				GCC_C_LANGUAGE_STANDARD = gnu11;
				GCC_NO_COMMON_BLOCKS = YES;
				GCC_WARN_64_TO_32_BIT_CONVERSION = YES;
				GCC_WARN_ABOUT_RETURN_TYPE = YES_ERROR;
				GCC_WARN_UNDECLARED_SELECTOR = YES;
				GCC_WARN_UNINITIALIZED_AUTOS = YES_AGGRESSIVE;
				GCC_WARN_UNUSED_FUNCTION = YES;
				GCC_WARN_UNUSED_VARIABLE = YES;
				IPHONEOS_DEPLOYMENT_TARGET = 14.2;
				MTL_ENABLE_DEBUG_INFO = NO;
				MTL_FAST_MATH = YES;
				SDKROOT = iphoneos;
				SWIFT_COMPILATION_MODE = wholemodule;
				SWIFT_OPTIMIZATION_LEVEL = "-O";
				VALIDATE_PRODUCT = YES;
			};
			name = Release;
		};
		29B91CEE25B9FA4200708264 /* Debug */ = {
			isa = XCBuildConfiguration;
			buildSettings = {
				ASSETCATALOG_COMPILER_APPICON_NAME = AppIcon;
				ASSETCATALOG_COMPILER_GLOBAL_ACCENT_COLOR_NAME = AccentColor;
				CODE_SIGN_STYLE = Automatic;
				DEVELOPMENT_TEAM = 5Q9YK3MTQ6;
				INFOPLIST_FILE = TrackTrack1/Info.plist;
				LD_RUNPATH_SEARCH_PATHS = (
					"$(inherited)",
					"@executable_path/Frameworks",
				);
				PRODUCT_BUNDLE_IDENTIFIER = avaford19.TrackTrack1;
				PRODUCT_NAME = "$(TARGET_NAME)";
				SWIFT_VERSION = 5.0;
				TARGETED_DEVICE_FAMILY = "1,2";
			};
			name = Debug;
		};
		29B91CEF25B9FA4200708264 /* Release */ = {
			isa = XCBuildConfiguration;
			buildSettings = {
				ASSETCATALOG_COMPILER_APPICON_NAME = AppIcon;
				ASSETCATALOG_COMPILER_GLOBAL_ACCENT_COLOR_NAME = AccentColor;
				CODE_SIGN_STYLE = Automatic;
				DEVELOPMENT_TEAM = 5Q9YK3MTQ6;
				INFOPLIST_FILE = TrackTrack1/Info.plist;
				LD_RUNPATH_SEARCH_PATHS = (
					"$(inherited)",
					"@executable_path/Frameworks",
				);
				PRODUCT_BUNDLE_IDENTIFIER = avaford19.TrackTrack1;
				PRODUCT_NAME = "$(TARGET_NAME)";
				SWIFT_VERSION = 5.0;
				TARGETED_DEVICE_FAMILY = "1,2";
			};
			name = Release;
		};
/* End XCBuildConfiguration section */

/* Begin XCConfigurationList section */
		29B91CD425B9FA3F00708264 /* Build configuration list for PBXProject "TrackTrack1" */ = {
			isa = XCConfigurationList;
			buildConfigurations = (
				29B91CEB25B9FA4200708264 /* Debug */,
				29B91CEC25B9FA4200708264 /* Release */,
			);
			defaultConfigurationIsVisible = 0;
			defaultConfigurationName = Release;
		};
		29B91CED25B9FA4200708264 /* Build configuration list for PBXNativeTarget "TrackTrack1" */ = {
			isa = XCConfigurationList;
			buildConfigurations = (
				29B91CEE25B9FA4200708264 /* Debug */,
				29B91CEF25B9FA4200708264 /* Release */,
			);
			defaultConfigurationIsVisible = 0;
			defaultConfigurationName = Release;
		};
/* End XCConfigurationList section */
	};
	rootObject = 29B91CD125B9FA3F00708264 /* Project object */;
}
